{
  "name": "Gamefinder",
  "lockfileVersion": 2,
  "requires": true,
  "packages": {
    "": {
      "dependencies": {
        "@yimura/scraper": "^1.2.3"
      }
    },
    "node_modules/@yimura/scraper": {
      "version": "1.2.3",
      "resolved": "https://registry.npmjs.org/@yimura/scraper/-/scraper-1.2.3.tgz",
      "integrity": "sha512-4wuTvMnkH/3j+FVL1sV9z+VFZPxAJAciYoZoa+By8ljxF0PYYhB162q2eW+3lzkONFsXcvg6Hjm22rBEhwxujA=="
    }
  },
  "dependencies": {
    "@yimura/scraper": {
      "version": "1.2.3",
      "resolved": "https://registry.npmjs.org/@yimura/scraper/-/scraper-1.2.3.tgz",
      "integrity": "sha512-4wuTvMnkH/3j+FVL1sV9z+VFZPxAJAciYoZoa+By8ljxF0PYYhB162q2eW+3lzkONFsXcvg6Hjm22rBEhwxujA=="
    }
  }
}
